# This file is automatically @generated by Cargo.
# It is not intended for manual editing.
version = 4

[[package]]
name = "hexfloat2"
version = "0.2.0"
source = "registry+https://github.com/rust-lang/crates.io-index"
checksum = "46e9a91c41b4112953fa8309790954e87fe6f69e3b88a059df367eca2deb3db7"

[[package]]
name = "xj_hexfloat"
version = "0.1.1"
dependencies = [
 "hexfloat2",
]
